
Microsoft Visual Studio Solution File, Format Version 12.00
# Visual Studio Version 17
VisualStudioVersion = 17.3.32901.215
MinimumVisualStudioVersion = 10.0.40219.1
Project("{FAE04EC0-301F-11D3-BF4B-00C04F79EFBC}") = "manav-ornek", "manav-ornek\manav-ornek.csproj", "{435DA1A3-A764-4B6B-856E-F69042C67E6B}"
EndProject
Global
	GlobalSection(SolutionConfigurationPlatforms) = preSolution
		Debug|Any CPU = Debug|Any CPU
		Release|Any CPU = Release|Any CPU
	EndGlobalSection
	GlobalSection(ProjectConfigurationPlatforms) = postSolution
		{435DA1A3-A764-4B6B-856E-F69042C67E6B}.Debug|Any CPU.ActiveCfg = Debug|Any CPU
		{435DA1A3-A764-4B6B-856E-F69042C67E6B}.Debug|Any CPU.Build.0 = Debug|Any CPU
		{435DA1A3-A764-4B6B-856E-F69042C67E6B}.Release|Any CPU.ActiveCfg = Release|Any CPU
		{435DA1A3-A764-4B6B-856E-F69042C67E6B}.Release|Any CPU.Build.0 = Release|Any CPU
	EndGlobalSection
	GlobalSection(SolutionProperties) = preSolution
		HideSolutionNode = FALSE
	EndGlobalSection
	GlobalSection(ExtensibilityGlobals) = postSolution
		SolutionGuid = {AE7ED491-9CAE-4F98-A666-5D65C5D077F5}
	EndGlobalSection
EndGlobal
